
Microsoft Visual Studio Solution File, Format Version 12.00
# Visual Studio Version 17
VisualStudioVersion = 17.3.32819.101
MinimumVisualStudioVersion = 10.0.40219.1
Project("{FAE04EC0-301F-11D3-BF4B-00C04F79EFBC}") = "Programering 2 Uppgift 1-3", "Programering 2 Uppgift 1-3\Programering 2 Uppgift 1-3.csproj", "{E654F05D-5EA3-41CD-A74D-0AA24F53FD72}"
EndProject
Global
	GlobalSection(SolutionConfigurationPlatforms) = preSolution
		Debug|Any CPU = Debug|Any CPU
		Release|Any CPU = Release|Any CPU
	EndGlobalSection
	GlobalSection(ProjectConfigurationPlatforms) = postSolution
		{E654F05D-5EA3-41CD-A74D-0AA24F53FD72}.Debug|Any CPU.ActiveCfg = Debug|Any CPU
		{E654F05D-5EA3-41CD-A74D-0AA24F53FD72}.Debug|Any CPU.Build.0 = Debug|Any CPU
		{E654F05D-5EA3-41CD-A74D-0AA24F53FD72}.Release|Any CPU.ActiveCfg = Release|Any CPU
		{E654F05D-5EA3-41CD-A74D-0AA24F53FD72}.Release|Any CPU.Build.0 = Release|Any CPU
	EndGlobalSection
	GlobalSection(SolutionProperties) = preSolution
		HideSolutionNode = FALSE
	EndGlobalSection
	GlobalSection(ExtensibilityGlobals) = postSolution
		SolutionGuid = {6622483D-EAD8-432B-A33D-055B6A37C344}
	EndGlobalSection
EndGlobal
